// !$*UTF8*$!
{
	archiveVersion = 1;
	classes = {
	};
	objectVersion = 50;
	objects = {

/* Begin PBXBuildFile section */
		D73C3AE92179F0E500F11863 /* main.cpp in Sources */ = {isa = PBXBuildFile; fileRef = D73C3AE82179F0E500F11863 /* main.cpp */; };
		D765FCDF217A02D6007909E8 /* Simple_window.cpp in Sources */ = {isa = PBXBuildFile; fileRef = D765FCDB217A02D6007909E8 /* Simple_window.cpp */; };
		D765FCE0217A02D6007909E8 /* Window.cpp in Sources */ = {isa = PBXBuildFile; fileRef = D765FCDC217A02D6007909E8 /* Window.cpp */; };
		D765FCE1217A02D6007909E8 /* GUI.cpp in Sources */ = {isa = PBXBuildFile; fileRef = D765FCDD217A02D6007909E8 /* GUI.cpp */; };
		D765FCE2217A02D6007909E8 /* Graph.cpp in Sources */ = {isa = PBXBuildFile; fileRef = D765FCDE217A02D6007909E8 /* Graph.cpp */; };
/* End PBXBuildFile section */

/* Begin PBXCopyFilesBuildPhase section */
		D73C3AE32179F0E500F11863 /* CopyFiles */ = {
			isa = PBXCopyFilesBuildPhase;
			buildActionMask = 2147483647;
			dstPath = /usr/share/man/man1/;
			dstSubfolderSpec = 0;
			files = (
			);
			runOnlyForDeploymentPostprocessing = 1;
		};
/* End PBXCopyFilesBuildPhase section */

/* Begin PBXFileReference section */
		D73C3AE52179F0E500F11863 /* Ex15.2Fct */ = {isa = PBXFileReference; explicitFileType = "compiled.mach-o.executable"; includeInIndex = 0; path = Ex15.2Fct; sourceTree = BUILT_PRODUCTS_DIR; };
		D73C3AE82179F0E500F11863 /* main.cpp */ = {isa = PBXFileReference; lastKnownFileType = sourcecode.cpp.cpp; path = main.cpp; sourceTree = "<group>"; };
		D73C3AF02179F10300F11863 /* std_lib_facilities.h */ = {isa = PBXFileReference; lastKnownFileType = sourcecode.c.h; name = std_lib_facilities.h; path = ../../std_lib_facilities.h; sourceTree = "<group>"; };
		D765FCDB217A02D6007909E8 /* Simple_window.cpp */ = {isa = PBXFileReference; lastKnownFileType = sourcecode.cpp.cpp; name = Simple_window.cpp; path = ../../GUI/Simple_window.cpp; sourceTree = "<group>"; };
		D765FCDC217A02D6007909E8 /* Window.cpp */ = {isa = PBXFileReference; lastKnownFileType = sourcecode.cpp.cpp; name = Window.cpp; path = ../../GUI/Window.cpp; sourceTree = "<group>"; };
		D765FCDD217A02D6007909E8 /* GUI.cpp */ = {isa = PBXFileReference; lastKnownFileType = sourcecode.cpp.cpp; name = GUI.cpp; path = ../../GUI/GUI.cpp; sourceTree = "<group>"; };
		D765FCDE217A02D6007909E8 /* Graph.cpp */ = {isa = PBXFileReference; lastKnownFileType = sourcecode.cpp.cpp; name = Graph.cpp; path = ../../GUI/Graph.cpp; sourceTree = "<group>"; };
/* End PBXFileReference section */

/* Begin PBXFrameworksBuildPhase section */
		D73C3AE22179F0E500F11863 /* Frameworks */ = {
			isa = PBXFrameworksBuildPhase;
			buildActionMask = 2147483647;
			files = (
			);
			runOnlyForDeploymentPostprocessing = 0;
		};
/* End PBXFrameworksBuildPhase section */

/* Begin PBXGroup section */
		D73C3ADC2179F0E500F11863 = {
			isa = PBXGroup;
			children = (
				D765FCDE217A02D6007909E8 /* Graph.cpp */,
				D765FCDD217A02D6007909E8 /* GUI.cpp */,
				D765FCDB217A02D6007909E8 /* Simple_window.cpp */,
				D765FCDC217A02D6007909E8 /* Window.cpp */,
				D73C3AE72179F0E500F11863 /* Ex15.2Fct */,
				D73C3AE62179F0E500F11863 /* Products */,
				D73C3AEF2179F10200F11863 /* Frameworks */,
			);
			sourceTree = "<group>";
		};
		D73C3AE62179F0E500F11863 /* Products */ = {
			isa = PBXGroup;
			children = (
				D73C3AE52179F0E500F11863 /* Ex15.2Fct */,
			);
			name = Products;
			sourceTree = "<group>";
		};
		D73C3AE72179F0E500F11863 /* Ex15.2Fct */ = {
			isa = PBXGroup;
			children = (
				D73C3AE82179F0E500F11863 /* main.cpp */,
			);
			path = Ex15.2Fct;
			sourceTree = "<group>";
		};
		D73C3AEF2179F10200F11863 /* Frameworks */ = {
			isa = PBXGroup;
			children = (
				D73C3AF02179F10300F11863 /* std_lib_facilities.h */,
			);
			name = Frameworks;
			sourceTree = "<group>";
		};
/* End PBXGroup section */

/* Begin PBXNativeTarget section */
		D73C3AE42179F0E500F11863 /* Ex15.2Fct */ = {
			isa = PBXNativeTarget;
			buildConfigurationList = D73C3AEC2179F0E500F11863 /* Build configuration list for PBXNativeTarget "Ex15.2Fct" */;
			buildPhases = (
				D73C3AE12179F0E500F11863 /* Sources */,
				D73C3AE22179F0E500F11863 /* Frameworks */,
				D73C3AE32179F0E500F11863 /* CopyFiles */,
			);
			buildRules = (
			);
			dependencies = (
			);
			name = Ex15.2Fct;
			productName = Ex15.2Fct;
			productReference = D73C3AE52179F0E500F11863 /* Ex15.2Fct */;
			productType = "com.apple.product-type.tool";
		};
/* End PBXNativeTarget section */

/* Begin PBXProject section */
		D73C3ADD2179F0E500F11863 /* Project object */ = {
			isa = PBXProject;
			attributes = {
				LastUpgradeCheck = 1000;
				ORGANIZATIONNAME = "Руслан Сахибгареев";
				TargetAttributes = {
					D73C3AE42179F0E500F11863 = {
						CreatedOnToolsVersion = 10.0;
					};
				};
			};
			buildConfigurationList = D73C3AE02179F0E500F11863 /* Build configuration list for PBXProject "Ex15.2Fct" */;
			compatibilityVersion = "Xcode 9.3";
			developmentRegion = en;
			hasScannedForEncodings = 0;
			knownRegions = (
				en,
			);
			mainGroup = D73C3ADC2179F0E500F11863;
			productRefGroup = D73C3AE62179F0E500F11863 /* Products */;
			projectDirPath = "";
			projectRoot = "";
			targets = (
				D73C3AE42179F0E500F11863 /* Ex15.2Fct */,
			);
		};
/* End PBXProject section */

/* Begin PBXSourcesBuildPhase section */
		D73C3AE12179F0E500F11863 /* Sources */ = {
			isa = PBXSourcesBuildPhase;
			buildActionMask = 2147483647;
			files = (
				D765FCDF217A02D6007909E8 /* Simple_window.cpp in Sources */,
				D765FCE0217A02D6007909E8 /* Window.cpp in Sources */,
				D765FCE1217A02D6007909E8 /* GUI.cpp in Sources */,
				D765FCE2217A02D6007909E8 /* Graph.cpp in Sources */,
				D73C3AE92179F0E500F11863 /* main.cpp in Sources */,
			);
			runOnlyForDeploymentPostprocessing = 0;
		};
/* End PBXSourcesBuildPhase section */

/* Begin XCBuildConfiguration section */
		D73C3AEA2179F0E500F11863 /* Debug */ = {
			isa = XCBuildConfiguration;
			buildSettings = {
				ALWAYS_SEARCH_USER_PATHS = NO;
				CLANG_ANALYZER_NONNULL = YES;
				CLANG_ANALYZER_NUMBER_OBJECT_CONVERSION = YES_AGGRESSIVE;
				CLANG_CXX_LANGUAGE_STANDARD = "gnu++14";
				CLANG_CXX_LIBRARY = "libc++";
				CLANG_ENABLE_MODULES = YES;
				CLANG_ENABLE_OBJC_ARC = YES;
				CLANG_ENABLE_OBJC_WEAK = YES;
				CLANG_WARN_BLOCK_CAPTURE_AUTORELEASING = YES;
				CLANG_WARN_BOOL_CONVERSION = YES;
				CLANG_WARN_COMMA = YES;
				CLANG_WARN_CONSTANT_CONVERSION = YES;
				CLANG_WARN_DEPRECATED_OBJC_IMPLEMENTATIONS = YES;
				CLANG_WARN_DIRECT_OBJC_ISA_USAGE = YES_ERROR;
				CLANG_WARN_DOCUMENTATION_COMMENTS = YES;
				CLANG_WARN_EMPTY_BODY = YES;
				CLANG_WARN_ENUM_CONVERSION = YES;
				CLANG_WARN_INFINITE_RECURSION = YES;
				CLANG_WARN_INT_CONVERSION = YES;
				CLANG_WARN_NON_LITERAL_NULL_CONVERSION = YES;
				CLANG_WARN_OBJC_IMPLICIT_RETAIN_SELF = YES;
				CLANG_WARN_OBJC_LITERAL_CONVERSION = YES;
				CLANG_WARN_OBJC_ROOT_CLASS = YES_ERROR;
				CLANG_WARN_RANGE_LOOP_ANALYSIS = YES;
				CLANG_WARN_STRICT_PROTOTYPES = YES;
				CLANG_WARN_SUSPICIOUS_MOVE = YES;
				CLANG_WARN_UNGUARDED_AVAILABILITY = YES_AGGRESSIVE;
				CLANG_WARN_UNREACHABLE_CODE = YES;
				CLANG_WARN__DUPLICATE_METHOD_MATCH = YES;
				CODE_SIGN_IDENTITY = "-";
				COPY_PHASE_STRIP = NO;
				DEBUG_INFORMATION_FORMAT = dwarf;
				ENABLE_STRICT_OBJC_MSGSEND = YES;
				ENABLE_TESTABILITY = YES;
				GCC_C_LANGUAGE_STANDARD = gnu11;
				GCC_DYNAMIC_NO_PIC = NO;
				GCC_NO_COMMON_BLOCKS = YES;
				GCC_OPTIMIZATION_LEVEL = 0;
				GCC_PREPROCESSOR_DEFINITIONS = (
					"DEBUG=1",
					"$(inherited)",
				);
				GCC_WARN_64_TO_32_BIT_CONVERSION = YES;
				GCC_WARN_ABOUT_RETURN_TYPE = YES_ERROR;
				GCC_WARN_UNDECLARED_SELECTOR = YES;
				GCC_WARN_UNINITIALIZED_AUTOS = YES_AGGRESSIVE;
				GCC_WARN_UNUSED_FUNCTION = YES;
				GCC_WARN_UNUSED_VARIABLE = YES;
				MACOSX_DEPLOYMENT_TARGET = 10.14;
				MTL_ENABLE_DEBUG_INFO = INCLUDE_SOURCE;
				MTL_FAST_MATH = YES;
				ONLY_ACTIVE_ARCH = YES;
				SDKROOT = macosx;
			};
			name = Debug;
		};
		D73C3AEB2179F0E500F11863 /* Release */ = {
			isa = XCBuildConfiguration;
			buildSettings = {
				ALWAYS_SEARCH_USER_PATHS = NO;
				CLANG_ANALYZER_NONNULL = YES;
				CLANG_ANALYZER_NUMBER_OBJECT_CONVERSION = YES_AGGRESSIVE;
				CLANG_CXX_LANGUAGE_STANDARD = "gnu++14";
				CLANG_CXX_LIBRARY = "libc++";
				CLANG_ENABLE_MODULES = YES;
				CLANG_ENABLE_OBJC_ARC = YES;
				CLANG_ENABLE_OBJC_WEAK = YES;
				CLANG_WARN_BLOCK_CAPTURE_AUTORELEASING = YES;
				CLANG_WARN_BOOL_CONVERSION = YES;
				CLANG_WARN_COMMA = YES;
				CLANG_WARN_CONSTANT_CONVERSION = YES;
				CLANG_WARN_DEPRECATED_OBJC_IMPLEMENTATIONS = YES;
				CLANG_WARN_DIRECT_OBJC_ISA_USAGE = YES_ERROR;
				CLANG_WARN_DOCUMENTATION_COMMENTS = YES;
				CLANG_WARN_EMPTY_BODY = YES;
				CLANG_WARN_ENUM_CONVERSION = YES;
				CLANG_WARN_INFINITE_RECURSION = YES;
				CLANG_WARN_INT_CONVERSION = YES;
				CLANG_WARN_NON_LITERAL_NULL_CONVERSION = YES;
				CLANG_WARN_OBJC_IMPLICIT_RETAIN_SELF = YES;
				CLANG_WARN_OBJC_LITERAL_CONVERSION = YES;
				CLANG_WARN_OBJC_ROOT_CLASS = YES_ERROR;
				CLANG_WARN_RANGE_LOOP_ANALYSIS = YES;
				CLANG_WARN_STRICT_PROTOTYPES = YES;
				CLANG_WARN_SUSPICIOUS_MOVE = YES;
				CLANG_WARN_UNGUARDED_AVAILABILITY = YES_AGGRESSIVE;
				CLANG_WARN_UNREACHABLE_CODE = YES;
				CLANG_WARN__DUPLICATE_METHOD_MATCH = YES;
				CODE_SIGN_IDENTITY = "-";
				COPY_PHASE_STRIP = NO;
				DEBUG_INFORMATION_FORMAT = "dwarf-with-dsym";
				ENABLE_NS_ASSERTIONS = NO;
				ENABLE_STRICT_OBJC_MSGSEND = YES;
				GCC_C_LANGUAGE_STANDARD = gnu11;
				GCC_NO_COMMON_BLOCKS = YES;
				GCC_WARN_64_TO_32_BIT_CONVERSION = YES;
				GCC_WARN_ABOUT_RETURN_TYPE = YES_ERROR;
				GCC_WARN_UNDECLARED_SELECTOR = YES;
				GCC_WARN_UNINITIALIZED_AUTOS = YES_AGGRESSIVE;
				GCC_WARN_UNUSED_FUNCTION = YES;
				GCC_WARN_UNUSED_VARIABLE = YES;
				MACOSX_DEPLOYMENT_TARGET = 10.14;
				MTL_ENABLE_DEBUG_INFO = NO;
				MTL_FAST_MATH = YES;
				SDKROOT = macosx;
			};
			name = Release;
		};
		D73C3AED2179F0E500F11863 /* Debug */ = {
			isa = XCBuildConfiguration;
			buildSettings = {
				CODE_SIGN_STYLE = Automatic;
				PRODUCT_NAME = "$(TARGET_NAME)";
			};
			name = Debug;
		};
		D73C3AEE2179F0E500F11863 /* Release */ = {
			isa = XCBuildConfiguration;
			buildSettings = {
				CODE_SIGN_STYLE = Automatic;
				PRODUCT_NAME = "$(TARGET_NAME)";
			};
			name = Release;
		};
/* End XCBuildConfiguration section */

/* Begin XCConfigurationList section */
		D73C3AE02179F0E500F11863 /* Build configuration list for PBXProject "Ex15.2Fct" */ = {
			isa = XCConfigurationList;
			buildConfigurations = (
				D73C3AEA2179F0E500F11863 /* Debug */,
				D73C3AEB2179F0E500F11863 /* Release */,
			);
			defaultConfigurationIsVisible = 0;
			defaultConfigurationName = Release;
		};
		D73C3AEC2179F0E500F11863 /* Build configuration list for PBXNativeTarget "Ex15.2Fct" */ = {
			isa = XCConfigurationList;
			buildConfigurations = (
				D73C3AED2179F0E500F11863 /* Debug */,
				D73C3AEE2179F0E500F11863 /* Release */,
			);
			defaultConfigurationIsVisible = 0;
			defaultConfigurationName = Release;
		};
/* End XCConfigurationList section */
	};
	rootObject = D73C3ADD2179F0E500F11863 /* Project object */;
}
